<?xml version="1.0" encoding="utf-8"?>
<Project ToolsVersion="4.0" xmlns="http://schemas.microsoft.com/developer/msbuild/2003">
  <ItemGroup>
    <Filter Include="소스 파일">
      <UniqueIdentifier>{4FC737F1-C7A5-4376-A066-2A32D752A2FF}</UniqueIdentifier>
      <Extensions>cpp;c;cc;cxx;c++;cppm;ixx;def;odl;idl;hpj;bat;asm;asmx</Extensions>
    </Filter>
    <Filter Include="헤더 파일">
      <UniqueIdentifier>{93995380-89BD-4b04-88EB-625FBE52EBFB}</UniqueIdentifier>
      <Extensions>h;hh;hpp;hxx;h++;hm;inl;inc;ipp;xsd</Extensions>
    </Filter>
    <Filter Include="리소스 파일">
      <UniqueIdentifier>{67DA6AB6-F800-4c08-8B7A-83BB121AAD01}</UniqueIdentifier>
      <Extensions>rc;ico;cur;bmp;dlg;rc2;rct;bin;rgs;gif;jpg;jpeg;jpe;resx;tiff;tif;png;wav;mfcribbon-ms</Extensions>
    </Filter>
  </ItemGroup>
  <ItemGroup>
    <ClInclude Include="include\Soda\GObj.h">
      <Filter>헤더 파일</Filter>
    </ClInclude>
    <ClInclude Include="include\Soda\Input.h">
      <Filter>헤더 파일</Filter>
    </ClInclude>
    <ClInclude Include="include\Soda\SodaApp.h">
      <Filter>헤더 파일</Filter>
    </ClInclude>
    <ClInclude Include="include\Soda\Time.h">
      <Filter>헤더 파일</Filter>
    </ClInclude>
    <ClInclude Include="include\Soda\Scene.h">
      <Filter>헤더 파일</Filter>
    </ClInclude>
    <ClInclude Include="include\Soda\GEntity.h">
      <Filter>헤더 파일</Filter>
    </ClInclude>
    <ClInclude Include="include\Soda\SceneManager.h">
      <Filter>헤더 파일</Filter>
    </ClInclude>
    <ClInclude Include="include\Soda\Comp\Comp.h">
      <Filter>헤더 파일</Filter>
    </ClInclude>
    <ClInclude Include="include\Soda\Comp\Transform.h">
      <Filter>헤더 파일</Filter>
    </ClInclude>
    <ClInclude Include="include\Soda\Math\V2.h">
      <Filter>헤더 파일</Filter>
    </ClInclude>
    <ClInclude Include="include\Soda\Rsc.h">
      <Filter>헤더 파일</Filter>
    </ClInclude>
    <ClInclude Include="include\Soda\Rscs.h">
      <Filter>헤더 파일</Filter>
    </ClInclude>
    <ClInclude Include="include\Soda\WinCommon.h">
      <Filter>헤더 파일</Filter>
    </ClInclude>
    <ClInclude Include="include\Soda\WinGdiCommon.h">
      <Filter>헤더 파일</Filter>
    </ClInclude>
  </ItemGroup>
  <ItemGroup>
    <ClCompile Include="src\GObj.cc">
      <Filter>소스 파일</Filter>
    </ClCompile>
    <ClCompile Include="src\Input.cc">
      <Filter>소스 파일</Filter>
    </ClCompile>
    <ClCompile Include="src\SodaApp.cc">
      <Filter>소스 파일</Filter>
    </ClCompile>
    <ClCompile Include="src\Time.cc">
      <Filter>소스 파일</Filter>
    </ClCompile>
    <ClCompile Include="src\Scene.cc">
      <Filter>소스 파일</Filter>
    </ClCompile>
    <ClCompile Include="src\GEntity.cc">
      <Filter>소스 파일</Filter>
    </ClCompile>
    <ClCompile Include="src\SceneManager.cc">
      <Filter>소스 파일</Filter>
    </ClCompile>
    <ClCompile Include="src\Comp.cc">
      <Filter>소스 파일</Filter>
    </ClCompile>
    <ClCompile Include="src\Transform.cc">
      <Filter>소스 파일</Filter>
    </ClCompile>
    <ClCompile Include="include\Soda\Comp\SpriteRenderer.h">
      <Filter>소스 파일</Filter>
    </ClCompile>
    <ClCompile Include="src\SpriteRenderer.cc">
      <Filter>소스 파일</Filter>
    </ClCompile>
    <ClCompile Include="src\V2.cc">
      <Filter>소스 파일</Filter>
    </ClCompile>
    <ClCompile Include="src\Rsc.cc">
      <Filter>소스 파일</Filter>
    </ClCompile>
    <ClCompile Include="src\Rscs.cc">
      <Filter>소스 파일</Filter>
    </ClCompile>
  </ItemGroup>
</Project>